
Microsoft Visual Studio Solution File, Format Version 12.00
# Visual Studio Version 17
VisualStudioVersion = 17.4.33205.214
MinimumVisualStudioVersion = 10.0.40219.1
Project("{FAE04EC0-301F-11D3-BF4B-00C04F79EFBC}") = "Formularios-Componente-e-Eventos", "Formularios-Componente-e-Eventos.csproj", "{DA6FBE00-AB22-419C-912F-E6A17A5859B9}"
EndProject
Global
	GlobalSection(SolutionConfigurationPlatforms) = preSolution
		Debug|Any CPU = Debug|Any CPU
		Release|Any CPU = Release|Any CPU
	EndGlobalSection
	GlobalSection(ProjectConfigurationPlatforms) = postSolution
		{DA6FBE00-AB22-419C-912F-E6A17A5859B9}.Debug|Any CPU.ActiveCfg = Debug|Any CPU
		{DA6FBE00-AB22-419C-912F-E6A17A5859B9}.Debug|Any CPU.Build.0 = Debug|Any CPU
		{DA6FBE00-AB22-419C-912F-E6A17A5859B9}.Release|Any CPU.ActiveCfg = Release|Any CPU
		{DA6FBE00-AB22-419C-912F-E6A17A5859B9}.Release|Any CPU.Build.0 = Release|Any CPU
	EndGlobalSection
	GlobalSection(SolutionProperties) = preSolution
		HideSolutionNode = FALSE
	EndGlobalSection
	GlobalSection(ExtensibilityGlobals) = postSolution
		SolutionGuid = {30829A39-D46B-4CCF-8EF5-C8ABF596C6D9}
	EndGlobalSection
EndGlobal
